
Microsoft Visual Studio Solution File, Format Version 12.00
# Visual Studio Version 16
VisualStudioVersion = 16.0.31702.278
MinimumVisualStudioVersion = 10.0.40219.1
Project("{8BC9CEB8-8B4A-11D0-8D11-00A0C91BC942}") = "vvp9.5", "vvp9.5\vvp9.5.vcxproj", "{9DD92DAD-8C1B-4807-9093-56BE9AC407A1}"
EndProject
Global
	GlobalSection(SolutionConfigurationPlatforms) = preSolution
		Debug|x64 = Debug|x64
		Debug|x86 = Debug|x86
		Release|x64 = Release|x64
		Release|x86 = Release|x86
	EndGlobalSection
	GlobalSection(ProjectConfigurationPlatforms) = postSolution
		{9DD92DAD-8C1B-4807-9093-56BE9AC407A1}.Debug|x64.ActiveCfg = Debug|x64
		{9DD92DAD-8C1B-4807-9093-56BE9AC407A1}.Debug|x64.Build.0 = Debug|x64
		{9DD92DAD-8C1B-4807-9093-56BE9AC407A1}.Debug|x86.ActiveCfg = Debug|Win32
		{9DD92DAD-8C1B-4807-9093-56BE9AC407A1}.Debug|x86.Build.0 = Debug|Win32
		{9DD92DAD-8C1B-4807-9093-56BE9AC407A1}.Release|x64.ActiveCfg = Release|x64
		{9DD92DAD-8C1B-4807-9093-56BE9AC407A1}.Release|x64.Build.0 = Release|x64
		{9DD92DAD-8C1B-4807-9093-56BE9AC407A1}.Release|x86.ActiveCfg = Release|Win32
		{9DD92DAD-8C1B-4807-9093-56BE9AC407A1}.Release|x86.Build.0 = Release|Win32
	EndGlobalSection
	GlobalSection(SolutionProperties) = preSolution
		HideSolutionNode = FALSE
	EndGlobalSection
	GlobalSection(ExtensibilityGlobals) = postSolution
		SolutionGuid = {17A50B38-414A-4309-8438-BD66A1C180DA}
	EndGlobalSection
EndGlobal
