
Microsoft Visual Studio Solution File, Format Version 12.00
# Visual Studio Version 16
VisualStudioVersion = 16.0.31702.278
MinimumVisualStudioVersion = 10.0.40219.1
Project("{8BC9CEB8-8B4A-11D0-8D11-00A0C91BC942}") = "vvp8.4", "vvp8.4\vvp8.4.vcxproj", "{81401DE9-64D9-4CA6-8A4C-97748B77C779}"
EndProject
Global
	GlobalSection(SolutionConfigurationPlatforms) = preSolution
		Debug|x64 = Debug|x64
		Debug|x86 = Debug|x86
		Release|x64 = Release|x64
		Release|x86 = Release|x86
	EndGlobalSection
	GlobalSection(ProjectConfigurationPlatforms) = postSolution
		{81401DE9-64D9-4CA6-8A4C-97748B77C779}.Debug|x64.ActiveCfg = Debug|x64
		{81401DE9-64D9-4CA6-8A4C-97748B77C779}.Debug|x64.Build.0 = Debug|x64
		{81401DE9-64D9-4CA6-8A4C-97748B77C779}.Debug|x86.ActiveCfg = Debug|Win32
		{81401DE9-64D9-4CA6-8A4C-97748B77C779}.Debug|x86.Build.0 = Debug|Win32
		{81401DE9-64D9-4CA6-8A4C-97748B77C779}.Release|x64.ActiveCfg = Release|x64
		{81401DE9-64D9-4CA6-8A4C-97748B77C779}.Release|x64.Build.0 = Release|x64
		{81401DE9-64D9-4CA6-8A4C-97748B77C779}.Release|x86.ActiveCfg = Release|Win32
		{81401DE9-64D9-4CA6-8A4C-97748B77C779}.Release|x86.Build.0 = Release|Win32
	EndGlobalSection
	GlobalSection(SolutionProperties) = preSolution
		HideSolutionNode = FALSE
	EndGlobalSection
	GlobalSection(ExtensibilityGlobals) = postSolution
		SolutionGuid = {A943BE58-059F-4847-929F-94148DEBC848}
	EndGlobalSection
EndGlobal
